
Microsoft Visual Studio Solution File, Format Version 12.00
# Visual Studio Version 17
VisualStudioVersion = 17.4.33213.308
MinimumVisualStudioVersion = 10.0.40219.1
Project("{FAE04EC0-301F-11D3-BF4B-00C04F79EFBC}") = "Mastermind_Player_Ai", "Mastermind_Player_Ai\Mastermind_Player_Ai.csproj", "{1A623E3A-15BD-4636-9672-4E20B162A77A}"
EndProject
Global
	GlobalSection(SolutionConfigurationPlatforms) = preSolution
		Debug|Any CPU = Debug|Any CPU
		Release|Any CPU = Release|Any CPU
	EndGlobalSection
	GlobalSection(ProjectConfigurationPlatforms) = postSolution
		{1A623E3A-15BD-4636-9672-4E20B162A77A}.Debug|Any CPU.ActiveCfg = Debug|Any CPU
		{1A623E3A-15BD-4636-9672-4E20B162A77A}.Debug|Any CPU.Build.0 = Debug|Any CPU
		{1A623E3A-15BD-4636-9672-4E20B162A77A}.Release|Any CPU.ActiveCfg = Release|Any CPU
		{1A623E3A-15BD-4636-9672-4E20B162A77A}.Release|Any CPU.Build.0 = Release|Any CPU
	EndGlobalSection
	GlobalSection(SolutionProperties) = preSolution
		HideSolutionNode = FALSE
	EndGlobalSection
	GlobalSection(ExtensibilityGlobals) = postSolution
		SolutionGuid = {1F225ABA-613F-4464-9A45-B510C086F642}
	EndGlobalSection
EndGlobal
