
Microsoft Visual Studio Solution File, Format Version 12.00
# Visual Studio Version 17
VisualStudioVersion = 17.4.33213.308
MinimumVisualStudioVersion = 10.0.40219.1
Project("{FAE04EC0-301F-11D3-BF4B-00C04F79EFBC}") = "ConsoleAppUnitTest", "ConsoleAppUnitTest\ConsoleAppUnitTest.csproj", "{7461C6BD-05A4-4129-9583-FCF661E168D2}"
EndProject
Project("{FAE04EC0-301F-11D3-BF4B-00C04F79EFBC}") = "ConsoleAppUnitTestTests", "ConsoleAppUnitTestTests\ConsoleAppUnitTestTests.csproj", "{48071922-41D5-487A-B4C5-A36BD5F9FAC1}"
EndProject
Global
	GlobalSection(SolutionConfigurationPlatforms) = preSolution
		Debug|Any CPU = Debug|Any CPU
		Release|Any CPU = Release|Any CPU
	EndGlobalSection
	GlobalSection(ProjectConfigurationPlatforms) = postSolution
		{7461C6BD-05A4-4129-9583-FCF661E168D2}.Debug|Any CPU.ActiveCfg = Debug|Any CPU
		{7461C6BD-05A4-4129-9583-FCF661E168D2}.Debug|Any CPU.Build.0 = Debug|Any CPU
		{7461C6BD-05A4-4129-9583-FCF661E168D2}.Release|Any CPU.ActiveCfg = Release|Any CPU
		{7461C6BD-05A4-4129-9583-FCF661E168D2}.Release|Any CPU.Build.0 = Release|Any CPU
		{48071922-41D5-487A-B4C5-A36BD5F9FAC1}.Debug|Any CPU.ActiveCfg = Debug|Any CPU
		{48071922-41D5-487A-B4C5-A36BD5F9FAC1}.Debug|Any CPU.Build.0 = Debug|Any CPU
		{48071922-41D5-487A-B4C5-A36BD5F9FAC1}.Release|Any CPU.ActiveCfg = Release|Any CPU
		{48071922-41D5-487A-B4C5-A36BD5F9FAC1}.Release|Any CPU.Build.0 = Release|Any CPU
	EndGlobalSection
	GlobalSection(SolutionProperties) = preSolution
		HideSolutionNode = FALSE
	EndGlobalSection
	GlobalSection(ExtensibilityGlobals) = postSolution
		SolutionGuid = {2672C3E8-60D3-459D-BFA3-30550BF12C48}
	EndGlobalSection
EndGlobal
