
Microsoft Visual Studio Solution File, Format Version 12.00
# Visual Studio Version 17
VisualStudioVersion = 17.4.33213.308
MinimumVisualStudioVersion = 10.0.40219.1
Project("{FAE04EC0-301F-11D3-BF4B-00C04F79EFBC}") = "1", "H10872020_W1HW\1.csproj", "{2482FFE1-E929-462F-ABE0-9A119D92919F}"
EndProject
Project("{FAE04EC0-301F-11D3-BF4B-00C04F79EFBC}") = "2", "2\2.csproj", "{027E044C-8950-4070-8D22-25F619A1D57E}"
EndProject
Global
	GlobalSection(SolutionConfigurationPlatforms) = preSolution
		Debug|Any CPU = Debug|Any CPU
		Release|Any CPU = Release|Any CPU
	EndGlobalSection
	GlobalSection(ProjectConfigurationPlatforms) = postSolution
		{2482FFE1-E929-462F-ABE0-9A119D92919F}.Debug|Any CPU.ActiveCfg = Debug|Any CPU
		{2482FFE1-E929-462F-ABE0-9A119D92919F}.Debug|Any CPU.Build.0 = Debug|Any CPU
		{2482FFE1-E929-462F-ABE0-9A119D92919F}.Release|Any CPU.ActiveCfg = Release|Any CPU
		{2482FFE1-E929-462F-ABE0-9A119D92919F}.Release|Any CPU.Build.0 = Release|Any CPU
		{027E044C-8950-4070-8D22-25F619A1D57E}.Debug|Any CPU.ActiveCfg = Debug|Any CPU
		{027E044C-8950-4070-8D22-25F619A1D57E}.Debug|Any CPU.Build.0 = Debug|Any CPU
		{027E044C-8950-4070-8D22-25F619A1D57E}.Release|Any CPU.ActiveCfg = Release|Any CPU
		{027E044C-8950-4070-8D22-25F619A1D57E}.Release|Any CPU.Build.0 = Release|Any CPU
	EndGlobalSection
	GlobalSection(SolutionProperties) = preSolution
		HideSolutionNode = FALSE
	EndGlobalSection
	GlobalSection(ExtensibilityGlobals) = postSolution
		SolutionGuid = {EF09A6E8-0018-4B4A-A1CC-0353FF112134}
	EndGlobalSection
EndGlobal
