
Microsoft Visual Studio Solution File, Format Version 12.00
# Visual Studio Version 17
VisualStudioVersion = 17.4.33213.308
MinimumVisualStudioVersion = 10.0.40219.1
Project("{FAE04EC0-301F-11D3-BF4B-00C04F79EFBC}") = "InterfaceSamples", "InterfaceSamples\InterfaceSamples.csproj", "{10DED358-A8CC-448A-AD66-00E4AEB15511}"
EndProject
Project("{FAE04EC0-301F-11D3-BF4B-00C04F79EFBC}") = "GenericSamples", "GenericSamples\GenericSamples.csproj", "{5BBB44BA-744F-4E9F-ACFF-8885B9E6C927}"
EndProject
Project("{FAE04EC0-301F-11D3-BF4B-00C04F79EFBC}") = "EnumSamples01", "EnumSamples01\EnumSamples01.csproj", "{37A75DC1-7B81-4571-A68D-5046C0BD8748}"
EndProject
Project("{FAE04EC0-301F-11D3-BF4B-00C04F79EFBC}") = "StaticSamples1", "StaticSamples1\StaticSamples1.csproj", "{10517F1B-E682-4EEE-BB8C-6801CDD11371}"
EndProject
Project("{FAE04EC0-301F-11D3-BF4B-00C04F79EFBC}") = "ExtensionSamples", "ExtensionSamples\ExtensionSamples.csproj", "{DC6A2B67-EDCD-4071-8513-ADB8CD94F36F}"
EndProject
Global
	GlobalSection(SolutionConfigurationPlatforms) = preSolution
		Debug|Any CPU = Debug|Any CPU
		Release|Any CPU = Release|Any CPU
	EndGlobalSection
	GlobalSection(ProjectConfigurationPlatforms) = postSolution
		{10DED358-A8CC-448A-AD66-00E4AEB15511}.Debug|Any CPU.ActiveCfg = Debug|Any CPU
		{10DED358-A8CC-448A-AD66-00E4AEB15511}.Debug|Any CPU.Build.0 = Debug|Any CPU
		{10DED358-A8CC-448A-AD66-00E4AEB15511}.Release|Any CPU.ActiveCfg = Release|Any CPU
		{10DED358-A8CC-448A-AD66-00E4AEB15511}.Release|Any CPU.Build.0 = Release|Any CPU
		{5BBB44BA-744F-4E9F-ACFF-8885B9E6C927}.Debug|Any CPU.ActiveCfg = Debug|Any CPU
		{5BBB44BA-744F-4E9F-ACFF-8885B9E6C927}.Debug|Any CPU.Build.0 = Debug|Any CPU
		{5BBB44BA-744F-4E9F-ACFF-8885B9E6C927}.Release|Any CPU.ActiveCfg = Release|Any CPU
		{5BBB44BA-744F-4E9F-ACFF-8885B9E6C927}.Release|Any CPU.Build.0 = Release|Any CPU
		{37A75DC1-7B81-4571-A68D-5046C0BD8748}.Debug|Any CPU.ActiveCfg = Debug|Any CPU
		{37A75DC1-7B81-4571-A68D-5046C0BD8748}.Debug|Any CPU.Build.0 = Debug|Any CPU
		{37A75DC1-7B81-4571-A68D-5046C0BD8748}.Release|Any CPU.ActiveCfg = Release|Any CPU
		{37A75DC1-7B81-4571-A68D-5046C0BD8748}.Release|Any CPU.Build.0 = Release|Any CPU
		{10517F1B-E682-4EEE-BB8C-6801CDD11371}.Debug|Any CPU.ActiveCfg = Debug|Any CPU
		{10517F1B-E682-4EEE-BB8C-6801CDD11371}.Debug|Any CPU.Build.0 = Debug|Any CPU
		{10517F1B-E682-4EEE-BB8C-6801CDD11371}.Release|Any CPU.ActiveCfg = Release|Any CPU
		{10517F1B-E682-4EEE-BB8C-6801CDD11371}.Release|Any CPU.Build.0 = Release|Any CPU
		{DC6A2B67-EDCD-4071-8513-ADB8CD94F36F}.Debug|Any CPU.ActiveCfg = Debug|Any CPU
		{DC6A2B67-EDCD-4071-8513-ADB8CD94F36F}.Debug|Any CPU.Build.0 = Debug|Any CPU
		{DC6A2B67-EDCD-4071-8513-ADB8CD94F36F}.Release|Any CPU.ActiveCfg = Release|Any CPU
		{DC6A2B67-EDCD-4071-8513-ADB8CD94F36F}.Release|Any CPU.Build.0 = Release|Any CPU
	EndGlobalSection
	GlobalSection(SolutionProperties) = preSolution
		HideSolutionNode = FALSE
	EndGlobalSection
	GlobalSection(ExtensibilityGlobals) = postSolution
		SolutionGuid = {FA920FEE-48DB-4A4F-A4AC-961101FE3D95}
	EndGlobalSection
EndGlobal
